// !$*UTF8*$!
{
	archiveVersion = 1;
	classes = {
	};
	objectVersion = 46;
	objects = {

/* Begin PBXBuildFile section */
		3F2AD7AE71207736B24F0547 /* libPods-Friday.a in Frameworks */ = {isa = PBXBuildFile; fileRef = 30306E9E8F6B423C8E82F196 /* libPods-Friday.a */; };
		856612621B29A9BB002FD9FB /* main.m in Sources */ = {isa = PBXBuildFile; fileRef = 856612611B29A9BB002FD9FB /* main.m */; };
		856612651B29A9BB002FD9FB /* AppDelegate.m in Sources */ = {isa = PBXBuildFile; fileRef = 856612641B29A9BB002FD9FB /* AppDelegate.m */; };
		856612681B29A9BB002FD9FB /* ViewController.m in Sources */ = {isa = PBXBuildFile; fileRef = 856612671B29A9BB002FD9FB /* ViewController.m */; };
		8566126B1B29A9BB002FD9FB /* Main.storyboard in Resources */ = {isa = PBXBuildFile; fileRef = 856612691B29A9BB002FD9FB /* Main.storyboard */; };
		8566126D1B29A9BB002FD9FB /* Images.xcassets in Resources */ = {isa = PBXBuildFile; fileRef = 8566126C1B29A9BB002FD9FB /* Images.xcassets */; };
		856612701B29A9BB002FD9FB /* LaunchScreen.xib in Resources */ = {isa = PBXBuildFile; fileRef = 8566126E1B29A9BB002FD9FB /* LaunchScreen.xib */; };
		8566127C1B29A9BB002FD9FB /* FridayTests.m in Sources */ = {isa = PBXBuildFile; fileRef = 8566127B1B29A9BB002FD9FB /* FridayTests.m */; };
		8566128A1B29B4FD002FD9FB /* DetailViewController.m in Sources */ = {isa = PBXBuildFile; fileRef = 856612891B29B4FD002FD9FB /* DetailViewController.m */; };
		8566128D1B29B698002FD9FB /* BaseViewController.m in Sources */ = {isa = PBXBuildFile; fileRef = 8566128C1B29B698002FD9FB /* BaseViewController.m */; };
		856612941B29C17D002FD9FB /* ImageSliderView.m in Sources */ = {isa = PBXBuildFile; fileRef = 856612931B29C17D002FD9FB /* ImageSliderView.m */; };
		85EA6F621B2AB51E00ED7430 /* DetailTableViewCell.m in Sources */ = {isa = PBXBuildFile; fileRef = 85EA6F611B2AB51E00ED7430 /* DetailTableViewCell.m */; };
/* End PBXBuildFile section */

/* Begin PBXContainerItemProxy section */
		856612761B29A9BB002FD9FB /* PBXContainerItemProxy */ = {
			isa = PBXContainerItemProxy;
			containerPortal = 856612541B29A9BB002FD9FB /* Project object */;
			proxyType = 1;
			remoteGlobalIDString = 8566125B1B29A9BB002FD9FB;
			remoteInfo = Friday;
		};
/* End PBXContainerItemProxy section */

/* Begin PBXFileReference section */
		0C23F02628EDF1BC91D678E9 /* Pods-Friday.release.xcconfig */ = {isa = PBXFileReference; includeInIndex = 1; lastKnownFileType = text.xcconfig; name = "Pods-Friday.release.xcconfig"; path = "Pods/Target Support Files/Pods-Friday/Pods-Friday.release.xcconfig"; sourceTree = "<group>"; };
		30306E9E8F6B423C8E82F196 /* libPods-Friday.a */ = {isa = PBXFileReference; explicitFileType = archive.ar; includeInIndex = 0; path = "libPods-Friday.a"; sourceTree = BUILT_PRODUCTS_DIR; };
		8566125C1B29A9BB002FD9FB /* Friday.app */ = {isa = PBXFileReference; explicitFileType = wrapper.application; includeInIndex = 0; path = Friday.app; sourceTree = BUILT_PRODUCTS_DIR; };
		856612601B29A9BB002FD9FB /* Info.plist */ = {isa = PBXFileReference; lastKnownFileType = text.plist.xml; path = Info.plist; sourceTree = "<group>"; };
		856612611B29A9BB002FD9FB /* main.m */ = {isa = PBXFileReference; lastKnownFileType = sourcecode.c.objc; path = main.m; sourceTree = "<group>"; };
		856612631B29A9BB002FD9FB /* AppDelegate.h */ = {isa = PBXFileReference; lastKnownFileType = sourcecode.c.h; path = AppDelegate.h; sourceTree = "<group>"; };
		856612641B29A9BB002FD9FB /* AppDelegate.m */ = {isa = PBXFileReference; lastKnownFileType = sourcecode.c.objc; path = AppDelegate.m; sourceTree = "<group>"; };
		856612661B29A9BB002FD9FB /* ViewController.h */ = {isa = PBXFileReference; lastKnownFileType = sourcecode.c.h; path = ViewController.h; sourceTree = "<group>"; };
		856612671B29A9BB002FD9FB /* ViewController.m */ = {isa = PBXFileReference; lastKnownFileType = sourcecode.c.objc; path = ViewController.m; sourceTree = "<group>"; };
		8566126A1B29A9BB002FD9FB /* Base */ = {isa = PBXFileReference; lastKnownFileType = file.storyboard; name = Base; path = Base.lproj/Main.storyboard; sourceTree = "<group>"; };
		8566126C1B29A9BB002FD9FB /* Images.xcassets */ = {isa = PBXFileReference; lastKnownFileType = folder.assetcatalog; path = Images.xcassets; sourceTree = "<group>"; };
		8566126F1B29A9BB002FD9FB /* Base */ = {isa = PBXFileReference; lastKnownFileType = file.xib; name = Base; path = Base.lproj/LaunchScreen.xib; sourceTree = "<group>"; };
		856612751B29A9BB002FD9FB /* FridayTests.xctest */ = {isa = PBXFileReference; explicitFileType = wrapper.cfbundle; includeInIndex = 0; path = FridayTests.xctest; sourceTree = BUILT_PRODUCTS_DIR; };
		8566127A1B29A9BB002FD9FB /* Info.plist */ = {isa = PBXFileReference; lastKnownFileType = text.plist.xml; path = Info.plist; sourceTree = "<group>"; };
		8566127B1B29A9BB002FD9FB /* FridayTests.m */ = {isa = PBXFileReference; lastKnownFileType = sourcecode.c.objc; path = FridayTests.m; sourceTree = "<group>"; };
		856612881B29B4FD002FD9FB /* DetailViewController.h */ = {isa = PBXFileReference; fileEncoding = 4; lastKnownFileType = sourcecode.c.h; path = DetailViewController.h; sourceTree = "<group>"; };
		856612891B29B4FD002FD9FB /* DetailViewController.m */ = {isa = PBXFileReference; fileEncoding = 4; lastKnownFileType = sourcecode.c.objc; path = DetailViewController.m; sourceTree = "<group>"; };
		8566128B1B29B698002FD9FB /* BaseViewController.h */ = {isa = PBXFileReference; fileEncoding = 4; lastKnownFileType = sourcecode.c.h; path = BaseViewController.h; sourceTree = "<group>"; };
		8566128C1B29B698002FD9FB /* BaseViewController.m */ = {isa = PBXFileReference; fileEncoding = 4; lastKnownFileType = sourcecode.c.objc; path = BaseViewController.m; sourceTree = "<group>"; };
		856612921B29C17D002FD9FB /* ImageSliderView.h */ = {isa = PBXFileReference; fileEncoding = 4; lastKnownFileType = sourcecode.c.h; path = ImageSliderView.h; sourceTree = "<group>"; };
		856612931B29C17D002FD9FB /* ImageSliderView.m */ = {isa = PBXFileReference; fileEncoding = 4; lastKnownFileType = sourcecode.c.objc; path = ImageSliderView.m; sourceTree = "<group>"; };
		85EA6F601B2AB51E00ED7430 /* DetailTableViewCell.h */ = {isa = PBXFileReference; fileEncoding = 4; lastKnownFileType = sourcecode.c.h; path = DetailTableViewCell.h; sourceTree = "<group>"; };
		85EA6F611B2AB51E00ED7430 /* DetailTableViewCell.m */ = {isa = PBXFileReference; fileEncoding = 4; lastKnownFileType = sourcecode.c.objc; path = DetailTableViewCell.m; sourceTree = "<group>"; };
		AB6B832FCB5B07A639738715 /* Pods-Friday.debug.xcconfig */ = {isa = PBXFileReference; includeInIndex = 1; lastKnownFileType = text.xcconfig; name = "Pods-Friday.debug.xcconfig"; path = "Pods/Target Support Files/Pods-Friday/Pods-Friday.debug.xcconfig"; sourceTree = "<group>"; };
/* End PBXFileReference section */

/* Begin PBXFrameworksBuildPhase section */
		856612591B29A9BB002FD9FB /* Frameworks */ = {
			isa = PBXFrameworksBuildPhase;
			buildActionMask = 2147483647;
			files = (
				3F2AD7AE71207736B24F0547 /* libPods-Friday.a in Frameworks */,
			);
			runOnlyForDeploymentPostprocessing = 0;
		};
		856612721B29A9BB002FD9FB /* Frameworks */ = {
			isa = PBXFrameworksBuildPhase;
			buildActionMask = 2147483647;
			files = (
			);
			runOnlyForDeploymentPostprocessing = 0;
		};
/* End PBXFrameworksBuildPhase section */

/* Begin PBXGroup section */
		5BB78424CDC00E61F4C155A0 /* Pods */ = {
			isa = PBXGroup;
			children = (
				AB6B832FCB5B07A639738715 /* Pods-Friday.debug.xcconfig */,
				0C23F02628EDF1BC91D678E9 /* Pods-Friday.release.xcconfig */,
			);
			name = Pods;
			sourceTree = "<group>";
		};
		856612531B29A9BB002FD9FB = {
			isa = PBXGroup;
			children = (
				8566125E1B29A9BB002FD9FB /* Friday */,
				856612781B29A9BB002FD9FB /* FridayTests */,
				8566125D1B29A9BB002FD9FB /* Products */,
				5BB78424CDC00E61F4C155A0 /* Pods */,
				B6DFB63569025DC08CC4AE84 /* Frameworks */,
			);
			sourceTree = "<group>";
		};
		8566125D1B29A9BB002FD9FB /* Products */ = {
			isa = PBXGroup;
			children = (
				8566125C1B29A9BB002FD9FB /* Friday.app */,
				856612751B29A9BB002FD9FB /* FridayTests.xctest */,
			);
			name = Products;
			sourceTree = "<group>";
		};
		8566125E1B29A9BB002FD9FB /* Friday */ = {
			isa = PBXGroup;
			children = (
				856612911B29C154002FD9FB /* ImageSlider */,
				856612631B29A9BB002FD9FB /* AppDelegate.h */,
				856612641B29A9BB002FD9FB /* AppDelegate.m */,
				856612661B29A9BB002FD9FB /* ViewController.h */,
				856612671B29A9BB002FD9FB /* ViewController.m */,
				856612691B29A9BB002FD9FB /* Main.storyboard */,
				8566126C1B29A9BB002FD9FB /* Images.xcassets */,
				8566126E1B29A9BB002FD9FB /* LaunchScreen.xib */,
				8566125F1B29A9BB002FD9FB /* Supporting Files */,
				856612881B29B4FD002FD9FB /* DetailViewController.h */,
				856612891B29B4FD002FD9FB /* DetailViewController.m */,
				8566128B1B29B698002FD9FB /* BaseViewController.h */,
				8566128C1B29B698002FD9FB /* BaseViewController.m */,
				85EA6F601B2AB51E00ED7430 /* DetailTableViewCell.h */,
				85EA6F611B2AB51E00ED7430 /* DetailTableViewCell.m */,
			);
			path = Friday;
			sourceTree = "<group>";
		};
		8566125F1B29A9BB002FD9FB /* Supporting Files */ = {
			isa = PBXGroup;
			children = (
				856612601B29A9BB002FD9FB /* Info.plist */,
				856612611B29A9BB002FD9FB /* main.m */,
			);
			name = "Supporting Files";
			sourceTree = "<group>";
		};
		856612781B29A9BB002FD9FB /* FridayTests */ = {
			isa = PBXGroup;
			children = (
				8566127B1B29A9BB002FD9FB /* FridayTests.m */,
				856612791B29A9BB002FD9FB /* Supporting Files */,
			);
			path = FridayTests;
			sourceTree = "<group>";
		};
		856612791B29A9BB002FD9FB /* Supporting Files */ = {
			isa = PBXGroup;
			children = (
				8566127A1B29A9BB002FD9FB /* Info.plist */,
			);
			name = "Supporting Files";
			sourceTree = "<group>";
		};
		856612911B29C154002FD9FB /* ImageSlider */ = {
			isa = PBXGroup;
			children = (
				856612921B29C17D002FD9FB /* ImageSliderView.h */,
				856612931B29C17D002FD9FB /* ImageSliderView.m */,
			);
			path = ImageSlider;
			sourceTree = "<group>";
		};
		B6DFB63569025DC08CC4AE84 /* Frameworks */ = {
			isa = PBXGroup;
			children = (
				30306E9E8F6B423C8E82F196 /* libPods-Friday.a */,
			);
			name = Frameworks;
			sourceTree = "<group>";
		};
/* End PBXGroup section */

/* Begin PBXNativeTarget section */
		8566125B1B29A9BB002FD9FB /* Friday */ = {
			isa = PBXNativeTarget;
			buildConfigurationList = 8566127F1B29A9BB002FD9FB /* Build configuration list for PBXNativeTarget "Friday" */;
			buildPhases = (
				1BA76C8383BB7D252A210963 /* Check Pods Manifest.lock */,
				856612581B29A9BB002FD9FB /* Sources */,
				856612591B29A9BB002FD9FB /* Frameworks */,
				8566125A1B29A9BB002FD9FB /* Resources */,
				D40F22584F534B85A6D6F5A4 /* Copy Pods Resources */,
			);
			buildRules = (
			);
			dependencies = (
			);
			name = Friday;
			productName = Friday;
			productReference = 8566125C1B29A9BB002FD9FB /* Friday.app */;
			productType = "com.apple.product-type.application";
		};
		856612741B29A9BB002FD9FB /* FridayTests */ = {
			isa = PBXNativeTarget;
			buildConfigurationList = 856612821B29A9BB002FD9FB /* Build configuration list for PBXNativeTarget "FridayTests" */;
			buildPhases = (
				856612711B29A9BB002FD9FB /* Sources */,
				856612721B29A9BB002FD9FB /* Frameworks */,
				856612731B29A9BB002FD9FB /* Resources */,
			);
			buildRules = (
			);
			dependencies = (
				856612771B29A9BB002FD9FB /* PBXTargetDependency */,
			);
			name = FridayTests;
			productName = FridayTests;
			productReference = 856612751B29A9BB002FD9FB /* FridayTests.xctest */;
			productType = "com.apple.product-type.bundle.unit-test";
		};
/* End PBXNativeTarget section */

/* Begin PBXProject section */
		856612541B29A9BB002FD9FB /* Project object */ = {
			isa = PBXProject;
			attributes = {
				LastUpgradeCheck = 0630;
				ORGANIZATIONNAME = wonders;
				TargetAttributes = {
					8566125B1B29A9BB002FD9FB = {
						CreatedOnToolsVersion = 6.3.2;
					};
					856612741B29A9BB002FD9FB = {
						CreatedOnToolsVersion = 6.3.2;
						TestTargetID = 8566125B1B29A9BB002FD9FB;
					};
				};
			};
			buildConfigurationList = 856612571B29A9BB002FD9FB /* Build configuration list for PBXProject "Friday" */;
			compatibilityVersion = "Xcode 3.2";
			developmentRegion = English;
			hasScannedForEncodings = 0;
			knownRegions = (
				en,
				Base,
			);
			mainGroup = 856612531B29A9BB002FD9FB;
			productRefGroup = 8566125D1B29A9BB002FD9FB /* Products */;
			projectDirPath = "";
			projectRoot = "";
			targets = (
				8566125B1B29A9BB002FD9FB /* Friday */,
				856612741B29A9BB002FD9FB /* FridayTests */,
			);
		};
/* End PBXProject section */

/* Begin PBXResourcesBuildPhase section */
		8566125A1B29A9BB002FD9FB /* Resources */ = {
			isa = PBXResourcesBuildPhase;
			buildActionMask = 2147483647;
			files = (
				8566126B1B29A9BB002FD9FB /* Main.storyboard in Resources */,
				856612701B29A9BB002FD9FB /* LaunchScreen.xib in Resources */,
				8566126D1B29A9BB002FD9FB /* Images.xcassets in Resources */,
			);
			runOnlyForDeploymentPostprocessing = 0;
		};
		856612731B29A9BB002FD9FB /* Resources */ = {
			isa = PBXResourcesBuildPhase;
			buildActionMask = 2147483647;
			files = (
			);
			runOnlyForDeploymentPostprocessing = 0;
		};
/* End PBXResourcesBuildPhase section */

/* Begin PBXShellScriptBuildPhase section */
		1BA76C8383BB7D252A210963 /* Check Pods Manifest.lock */ = {
			isa = PBXShellScriptBuildPhase;
			buildActionMask = 2147483647;
			files = (
			);
			inputPaths = (
			);
			name = "Check Pods Manifest.lock";
			outputPaths = (
			);
			runOnlyForDeploymentPostprocessing = 0;
			shellPath = /bin/sh;
			shellScript = "diff \"${PODS_ROOT}/../Podfile.lock\" \"${PODS_ROOT}/Manifest.lock\" > /dev/null\nif [[ $? != 0 ]] ; then\n    cat << EOM\nerror: The sandbox is not in sync with the Podfile.lock. Run 'pod install' or update your CocoaPods installation.\nEOM\n    exit 1\nfi\n";
			showEnvVarsInLog = 0;
		};
		D40F22584F534B85A6D6F5A4 /* Copy Pods Resources */ = {
			isa = PBXShellScriptBuildPhase;
			buildActionMask = 2147483647;
			files = (
			);
			inputPaths = (
			);
			name = "Copy Pods Resources";
			outputPaths = (
			);
			runOnlyForDeploymentPostprocessing = 0;
			shellPath = /bin/sh;
			shellScript = "\"${SRCROOT}/Pods/Target Support Files/Pods-Friday/Pods-Friday-resources.sh\"\n";
			showEnvVarsInLog = 0;
		};
/* End PBXShellScriptBuildPhase section */

/* Begin PBXSourcesBuildPhase section */
		856612581B29A9BB002FD9FB /* Sources */ = {
			isa = PBXSourcesBuildPhase;
			buildActionMask = 2147483647;
			files = (
				856612681B29A9BB002FD9FB /* ViewController.m in Sources */,
				8566128D1B29B698002FD9FB /* BaseViewController.m in Sources */,
				856612651B29A9BB002FD9FB /* AppDelegate.m in Sources */,
				856612621B29A9BB002FD9FB /* main.m in Sources */,
				8566128A1B29B4FD002FD9FB /* DetailViewController.m in Sources */,
				856612941B29C17D002FD9FB /* ImageSliderView.m in Sources */,
				85EA6F621B2AB51E00ED7430 /* DetailTableViewCell.m in Sources */,
			);
			runOnlyForDeploymentPostprocessing = 0;
		};
		856612711B29A9BB002FD9FB /* Sources */ = {
			isa = PBXSourcesBuildPhase;
			buildActionMask = 2147483647;
			files = (
				8566127C1B29A9BB002FD9FB /* FridayTests.m in Sources */,
			);
			runOnlyForDeploymentPostprocessing = 0;
		};
/* End PBXSourcesBuildPhase section */

/* Begin PBXTargetDependency section */
		856612771B29A9BB002FD9FB /* PBXTargetDependency */ = {
			isa = PBXTargetDependency;
			target = 8566125B1B29A9BB002FD9FB /* Friday */;
			targetProxy = 856612761B29A9BB002FD9FB /* PBXContainerItemProxy */;
		};
/* End PBXTargetDependency section */

/* Begin PBXVariantGroup section */
		856612691B29A9BB002FD9FB /* Main.storyboard */ = {
			isa = PBXVariantGroup;
			children = (
				8566126A1B29A9BB002FD9FB /* Base */,
			);
			name = Main.storyboard;
			sourceTree = "<group>";
		};
		8566126E1B29A9BB002FD9FB /* LaunchScreen.xib */ = {
			isa = PBXVariantGroup;
			children = (
				8566126F1B29A9BB002FD9FB /* Base */,
			);
			name = LaunchScreen.xib;
			sourceTree = "<group>";
		};
/* End PBXVariantGroup section */

/* Begin XCBuildConfiguration section */
		8566127D1B29A9BB002FD9FB /* Debug */ = {
			isa = XCBuildConfiguration;
			buildSettings = {
				ALWAYS_SEARCH_USER_PATHS = NO;
				CLANG_CXX_LANGUAGE_STANDARD = "gnu++0x";
				CLANG_CXX_LIBRARY = "libc++";
				CLANG_ENABLE_MODULES = YES;
				CLANG_ENABLE_OBJC_ARC = YES;
				CLANG_WARN_BOOL_CONVERSION = YES;
				CLANG_WARN_CONSTANT_CONVERSION = YES;
				CLANG_WARN_DIRECT_OBJC_ISA_USAGE = YES_ERROR;
				CLANG_WARN_EMPTY_BODY = YES;
				CLANG_WARN_ENUM_CONVERSION = YES;
				CLANG_WARN_INT_CONVERSION = YES;
				CLANG_WARN_OBJC_ROOT_CLASS = YES_ERROR;
				CLANG_WARN_UNREACHABLE_CODE = YES;
				CLANG_WARN__DUPLICATE_METHOD_MATCH = YES;
				"CODE_SIGN_IDENTITY[sdk=iphoneos*]" = "iPhone Developer";
				COPY_PHASE_STRIP = NO;
				DEBUG_INFORMATION_FORMAT = "dwarf-with-dsym";
				ENABLE_STRICT_OBJC_MSGSEND = YES;
				GCC_C_LANGUAGE_STANDARD = gnu99;
				GCC_DYNAMIC_NO_PIC = NO;
				GCC_NO_COMMON_BLOCKS = YES;
				GCC_OPTIMIZATION_LEVEL = 0;
				GCC_PREPROCESSOR_DEFINITIONS = (
					"DEBUG=1",
					"$(inherited)",
				);
				GCC_SYMBOLS_PRIVATE_EXTERN = NO;
				GCC_WARN_64_TO_32_BIT_CONVERSION = YES;
				GCC_WARN_ABOUT_RETURN_TYPE = YES_ERROR;
				GCC_WARN_UNDECLARED_SELECTOR = YES;
				GCC_WARN_UNINITIALIZED_AUTOS = YES_AGGRESSIVE;
				GCC_WARN_UNUSED_FUNCTION = YES;
				GCC_WARN_UNUSED_VARIABLE = YES;
				IPHONEOS_DEPLOYMENT_TARGET = 8.3;
				MTL_ENABLE_DEBUG_INFO = YES;
				ONLY_ACTIVE_ARCH = YES;
				SDKROOT = iphoneos;
			};
			name = Debug;
		};
		8566127E1B29A9BB002FD9FB /* Release */ = {
			isa = XCBuildConfiguration;
			buildSettings = {
				ALWAYS_SEARCH_USER_PATHS = NO;
				CLANG_CXX_LANGUAGE_STANDARD = "gnu++0x";
				CLANG_CXX_LIBRARY = "libc++";
				CLANG_ENABLE_MODULES = YES;
				CLANG_ENABLE_OBJC_ARC = YES;
				CLANG_WARN_BOOL_CONVERSION = YES;
				CLANG_WARN_CONSTANT_CONVERSION = YES;
				CLANG_WARN_DIRECT_OBJC_ISA_USAGE = YES_ERROR;
				CLANG_WARN_EMPTY_BODY = YES;
				CLANG_WARN_ENUM_CONVERSION = YES;
				CLANG_WARN_INT_CONVERSION = YES;
				CLANG_WARN_OBJC_ROOT_CLASS = YES_ERROR;
				CLANG_WARN_UNREACHABLE_CODE = YES;
				CLANG_WARN__DUPLICATE_METHOD_MATCH = YES;
				"CODE_SIGN_IDENTITY[sdk=iphoneos*]" = "iPhone Developer";
				COPY_PHASE_STRIP = NO;
				DEBUG_INFORMATION_FORMAT = "dwarf-with-dsym";
				ENABLE_NS_ASSERTIONS = NO;
				ENABLE_STRICT_OBJC_MSGSEND = YES;
				GCC_C_LANGUAGE_STANDARD = gnu99;
				GCC_NO_COMMON_BLOCKS = YES;
				GCC_WARN_64_TO_32_BIT_CONVERSION = YES;
				GCC_WARN_ABOUT_RETURN_TYPE = YES_ERROR;
				GCC_WARN_UNDECLARED_SELECTOR = YES;
				GCC_WARN_UNINITIALIZED_AUTOS = YES_AGGRESSIVE;
				GCC_WARN_UNUSED_FUNCTION = YES;
				GCC_WARN_UNUSED_VARIABLE = YES;
				IPHONEOS_DEPLOYMENT_TARGET = 8.3;
				MTL_ENABLE_DEBUG_INFO = NO;
				SDKROOT = iphoneos;
				VALIDATE_PRODUCT = YES;
			};
			name = Release;
		};
		856612801B29A9BB002FD9FB /* Debug */ = {
			isa = XCBuildConfiguration;
			baseConfigurationReference = AB6B832FCB5B07A639738715 /* Pods-Friday.debug.xcconfig */;
			buildSettings = {
				ASSETCATALOG_COMPILER_APPICON_NAME = AppIcon;
				INFOPLIST_FILE = Friday/Info.plist;
				LD_RUNPATH_SEARCH_PATHS = "$(inherited) @executable_path/Frameworks";
				PRODUCT_NAME = "$(TARGET_NAME)";
			};
			name = Debug;
		};
		856612811B29A9BB002FD9FB /* Release */ = {
			isa = XCBuildConfiguration;
			baseConfigurationReference = 0C23F02628EDF1BC91D678E9 /* Pods-Friday.release.xcconfig */;
			buildSettings = {
				ASSETCATALOG_COMPILER_APPICON_NAME = AppIcon;
				INFOPLIST_FILE = Friday/Info.plist;
				LD_RUNPATH_SEARCH_PATHS = "$(inherited) @executable_path/Frameworks";
				PRODUCT_NAME = "$(TARGET_NAME)";
			};
			name = Release;
		};
		856612831B29A9BB002FD9FB /* Debug */ = {
			isa = XCBuildConfiguration;
			buildSettings = {
				BUNDLE_LOADER = "$(TEST_HOST)";
				FRAMEWORK_SEARCH_PATHS = (
					"$(SDKROOT)/Developer/Library/Frameworks",
					"$(inherited)",
				);
				GCC_PREPROCESSOR_DEFINITIONS = (
					"DEBUG=1",
					"$(inherited)",
				);
				INFOPLIST_FILE = FridayTests/Info.plist;
				LD_RUNPATH_SEARCH_PATHS = "$(inherited) @executable_path/Frameworks @loader_path/Frameworks";
				PRODUCT_NAME = "$(TARGET_NAME)";
				TEST_HOST = "$(BUILT_PRODUCTS_DIR)/Friday.app/Friday";
			};
			name = Debug;
		};
		856612841B29A9BB002FD9FB /* Release */ = {
			isa = XCBuildConfiguration;
			buildSettings = {
				BUNDLE_LOADER = "$(TEST_HOST)";
				FRAMEWORK_SEARCH_PATHS = (
					"$(SDKROOT)/Developer/Library/Frameworks",
					"$(inherited)",
				);
				INFOPLIST_FILE = FridayTests/Info.plist;
				LD_RUNPATH_SEARCH_PATHS = "$(inherited) @executable_path/Frameworks @loader_path/Frameworks";
				PRODUCT_NAME = "$(TARGET_NAME)";
				TEST_HOST = "$(BUILT_PRODUCTS_DIR)/Friday.app/Friday";
			};
			name = Release;
		};
/* End XCBuildConfiguration section */

/* Begin XCConfigurationList section */
		856612571B29A9BB002FD9FB /* Build configuration list for PBXProject "Friday" */ = {
			isa = XCConfigurationList;
			buildConfigurations = (
				8566127D1B29A9BB002FD9FB /* Debug */,
				8566127E1B29A9BB002FD9FB /* Release */,
			);
			defaultConfigurationIsVisible = 0;
			defaultConfigurationName = Release;
		};
		8566127F1B29A9BB002FD9FB /* Build configuration list for PBXNativeTarget "Friday" */ = {
			isa = XCConfigurationList;
			buildConfigurations = (
				856612801B29A9BB002FD9FB /* Debug */,
				856612811B29A9BB002FD9FB /* Release */,
			);
			defaultConfigurationIsVisible = 0;
			defaultConfigurationName = Release;
		};
		856612821B29A9BB002FD9FB /* Build configuration list for PBXNativeTarget "FridayTests" */ = {
			isa = XCConfigurationList;
			buildConfigurations = (
				856612831B29A9BB002FD9FB /* Debug */,
				856612841B29A9BB002FD9FB /* Release */,
			);
			defaultConfigurationIsVisible = 0;
			defaultConfigurationName = Release;
		};
/* End XCConfigurationList section */
	};
	rootObject = 856612541B29A9BB002FD9FB /* Project object */;
}
